
Microsoft Visual Studio Solution File, Format Version 12.00
# Visual Studio Version 16
VisualStudioVersion = 16.0.29409.12
MinimumVisualStudioVersion = 10.0.40219.1
Project("{888888A0-9F3D-457C-B088-3A5042F75D52}") = "Silhouette Build Notifier", "Silhouette Build Notifier.pyproj", "{AE8A57E4-4BDA-4456-8355-6CD949E5AB89}"
EndProject
Project("{FAE04EC0-301F-11D3-BF4B-00C04F79EFBC}") = "Silhouette Build Notifier CSharp", "Silhouette Build Notifier CSharp\Silhouette Build Notifier CSharp.csproj", "{BE0926E3-F00E-4B8C-A5AA-6E3AF0ACCBE0}"
EndProject
Global
	GlobalSection(SolutionConfigurationPlatforms) = preSolution
		Debug|Any CPU = Debug|Any CPU
		Release|Any CPU = Release|Any CPU
	EndGlobalSection
	GlobalSection(ProjectConfigurationPlatforms) = postSolution
		{AE8A57E4-4BDA-4456-8355-6CD949E5AB89}.Debug|Any CPU.ActiveCfg = Debug|Any CPU
		{AE8A57E4-4BDA-4456-8355-6CD949E5AB89}.Release|Any CPU.ActiveCfg = Release|Any CPU
		{BE0926E3-F00E-4B8C-A5AA-6E3AF0ACCBE0}.Debug|Any CPU.ActiveCfg = Debug|Any CPU
		{BE0926E3-F00E-4B8C-A5AA-6E3AF0ACCBE0}.Debug|Any CPU.Build.0 = Debug|Any CPU
		{BE0926E3-F00E-4B8C-A5AA-6E3AF0ACCBE0}.Release|Any CPU.ActiveCfg = Release|Any CPU
		{BE0926E3-F00E-4B8C-A5AA-6E3AF0ACCBE0}.Release|Any CPU.Build.0 = Release|Any CPU
	EndGlobalSection
	GlobalSection(SolutionProperties) = preSolution
		HideSolutionNode = FALSE
	EndGlobalSection
	GlobalSection(ExtensibilityGlobals) = postSolution
		SolutionGuid = {2EA27D3C-79FA-4936-9B6E-3AB8F76DA66C}
	EndGlobalSection
EndGlobal
